
Microsoft Visual Studio Solution File, Format Version 12.00
# Visual Studio Version 16
VisualStudioVersion = 16.0.30225.117
MinimumVisualStudioVersion = 10.0.40219.1
Project("{FAE04EC0-301F-11D3-BF4B-00C04F79EFBC}") = "osr_dotnet", "osr_dotnet\osr_dotnet.csproj", "{F28E6E29-4F16-4AE0-803A-2976030CAB8D}"
EndProject
Global
	GlobalSection(SolutionConfigurationPlatforms) = preSolution
		Debug|Any CPU = Debug|Any CPU
		Release|Any CPU = Release|Any CPU
	EndGlobalSection
	GlobalSection(ProjectConfigurationPlatforms) = postSolution
		{F28E6E29-4F16-4AE0-803A-2976030CAB8D}.Debug|Any CPU.ActiveCfg = Debug|Any CPU
		{F28E6E29-4F16-4AE0-803A-2976030CAB8D}.Debug|Any CPU.Build.0 = Debug|Any CPU
		{F28E6E29-4F16-4AE0-803A-2976030CAB8D}.Release|Any CPU.ActiveCfg = Release|Any CPU
		{F28E6E29-4F16-4AE0-803A-2976030CAB8D}.Release|Any CPU.Build.0 = Release|Any CPU
	EndGlobalSection
	GlobalSection(SolutionProperties) = preSolution
		HideSolutionNode = FALSE
	EndGlobalSection
	GlobalSection(ExtensibilityGlobals) = postSolution
		SolutionGuid = {C97547A2-DB44-415B-8F2A-27030F02D64C}
	EndGlobalSection
EndGlobal
